<?xml version="1.0" encoding="utf-8"?>
<Project ToolsVersion="4.0" xmlns="http://schemas.microsoft.com/developer/msbuild/2003">
  <ItemGroup>
    <Filter Include="Source Files">
      <UniqueIdentifier>{4FC737F1-C7A5-4376-A066-2A32D752A2FF}</UniqueIdentifier>
      <Extensions>cpp;c;cc;cxx;def;odl;idl;hpj;bat;asm;asmx</Extensions>
    </Filter>
    <Filter Include="Source Files\Rendering">
      <UniqueIdentifier>{46f09bba-1df0-4b80-9320-857f3c2631f1}</UniqueIdentifier>
    </Filter>
    <Filter Include="Source Files\Windows">
      <UniqueIdentifier>{61e78d4e-1b16-436a-b253-58bae7786b07}</UniqueIdentifier>
    </Filter>
    <Filter Include="Source Files\Rendering\Shaders">
      <UniqueIdentifier>{690fe339-2080-480c-95b4-f4c6201c5d23}</UniqueIdentifier>
    </Filter>
    <Filter Include="Source Files\Utils">
      <UniqueIdentifier>{467c5a11-134e-456f-9d74-97b881e34b3e}</UniqueIdentifier>
    </Filter>
    <Filter Include="Source Files\Logic">
      <UniqueIdentifier>{c276a586-96c9-4a5e-b52e-c9a09e33f27d}</UniqueIdentifier>
    </Filter>
    <Filter Include="Source Files\Rendering\Buffers">
      <UniqueIdentifier>{59bf4c4e-23f5-43d1-a31d-5986533506ee}</UniqueIdentifier>
    </Filter>
    <Filter Include="Source Files\Rendering\Descriptors">
      <UniqueIdentifier>{94e984da-c05f-4a86-b832-c3ce29dd3887}</UniqueIdentifier>
    </Filter>
    <Filter Include="Source Files\Rendering\Descriptors\DescriptorPools">
      <UniqueIdentifier>{c0e6de25-1024-49f7-85b0-f2a36e6e5006}</UniqueIdentifier>
    </Filter>
    <Filter Include="Source Files\Rendering\Descriptors\DescriptorSets">
      <UniqueIdentifier>{002162fc-4554-454a-949d-7f2b53ffcc10}</UniqueIdentifier>
    </Filter>
    <Filter Include="Source Files\Logic\SceneObjects">
      <UniqueIdentifier>{b8162b91-e7c9-4e38-92f3-564e68556b74}</UniqueIdentifier>
    </Filter>
    <Filter Include="Source Files\Logic\SceneObjects\Cameras">
      <UniqueIdentifier>{a75bb13d-2302-4e88-a124-eee13bd49f73}</UniqueIdentifier>
    </Filter>
    <Filter Include="Source Files\Rendering\Pipelines">
      <UniqueIdentifier>{86ccc4a2-6d83-4c47-89ef-273319c4758c}</UniqueIdentifier>
    </Filter>
    <Filter Include="Source Files\Rendering\CommandBuffers">
      <UniqueIdentifier>{cbd73bf2-8fc9-46db-b219-cfec4d0b5294}</UniqueIdentifier>
    </Filter>
    <Filter Include="Source Files\Rendering\Data">
      <UniqueIdentifier>{dd431e7d-f433-4814-abc6-4116678ba207}</UniqueIdentifier>
    </Filter>
    <Filter Include="Source Files\Rendering\Memory">
      <UniqueIdentifier>{4be60cd8-3901-4228-ae7f-2ed30f71d273}</UniqueIdentifier>
    </Filter>
    <Filter Include="Source Files\Rendering\Memory\Allocators">
      <UniqueIdentifier>{576081ea-91f9-4612-8d41-27d075bb2e99}</UniqueIdentifier>
    </Filter>
    <Filter Include="Source Files\Rendering\Memory\AllocationFactories">
      <UniqueIdentifier>{3cd59e14-548b-4fb7-9e60-4578989ecb3b}</UniqueIdentifier>
    </Filter>
    <Filter Include="Source Files\Rendering\Resources">
      <UniqueIdentifier>{36d89b47-3d66-4d60-926e-be0c6e2cdc4e}</UniqueIdentifier>
    </Filter>
    <Filter Include="Source Files\Rendering\Resources\GPUResources">
      <UniqueIdentifier>{f4e6ebe6-d758-4a3d-9e71-9ec706119391}</UniqueIdentifier>
    </Filter>
    <Filter Include="Source Files\Rendering\Memory\BufferAllocations">
      <UniqueIdentifier>{219fb08c-f797-4595-ac1a-f97f8b887bf0}</UniqueIdentifier>
    </Filter>
    <Filter Include="Source Files\Rendering\Memory\BufferAllocations\IndexBufferAllocations">
      <UniqueIdentifier>{bd9d38ee-ff1d-4348-8120-b9bc15ad34b9}</UniqueIdentifier>
    </Filter>
    <Filter Include="Source Files\Rendering\Memory\BufferAllocations\VertexBufferAllocations">
      <UniqueIdentifier>{8eb6c4d2-c4e9-48fd-a2ab-1d5218dad688}</UniqueIdentifier>
    </Filter>
  </ItemGroup>
  <ItemGroup>
    <ClCompile Include="Main.cpp">
      <Filter>Source Files</Filter>
    </ClCompile>
    <ClCompile Include="Rendering\Device.cpp">
      <Filter>Source Files\Rendering</Filter>
    </ClCompile>
    <ClCompile Include="Rendering\Renderer.cpp">
      <Filter>Source Files\Rendering</Filter>
    </ClCompile>
    <ClCompile Include="Windows\GLFWWindow.cpp">
      <Filter>Source Files\Windows</Filter>
    </ClCompile>
    <ClCompile Include="Windows\BaseWindow.cpp">
      <Filter>Source Files\Windows</Filter>
    </ClCompile>
    <ClCompile Include="JackedEngine.cpp">
      <Filter>Source Files</Filter>
    </ClCompile>
    <ClCompile Include="Utils\FileIO.cpp">
      <Filter>Source Files\Utils</Filter>
    </ClCompile>
    <ClCompile Include="Rendering\Buffers\BaseBuffer.cpp">
      <Filter>Source Files\Rendering\Buffers</Filter>
    </ClCompile>
    <ClCompile Include="Rendering\Buffers\VertexBuffer.cpp">
      <Filter>Source Files\Rendering\Buffers</Filter>
    </ClCompile>
    <ClCompile Include="Rendering\Buffers\UniformBuffer.cpp">
      <Filter>Source Files\Rendering\Buffers</Filter>
    </ClCompile>
    <ClCompile Include="Rendering\Descriptors\DescriptorSets\BaseDescriptorSet.cpp">
      <Filter>Source Files\Rendering\Descriptors\DescriptorSets</Filter>
    </ClCompile>
    <ClCompile Include="Rendering\Descriptors\DescriptorSets\UBODescriptorSet.cpp">
      <Filter>Source Files\Rendering\Descriptors\DescriptorSets</Filter>
    </ClCompile>
    <ClCompile Include="Rendering\Descriptors\DescriptorPools\UBODescriptorPool.cpp">
      <Filter>Source Files\Rendering\Descriptors\DescriptorPools</Filter>
    </ClCompile>
    <ClCompile Include="Rendering\Descriptors\DescriptorPools\BaseDescriptorPool.cpp">
      <Filter>Source Files\Rendering\Descriptors\DescriptorPools</Filter>
    </ClCompile>
    <ClCompile Include="Logic\SceneObjects\BaseSceneObject.cpp">
      <Filter>Source Files\Logic\SceneObjects</Filter>
    </ClCompile>
    <ClCompile Include="Logic\SceneObjects\Cameras\BaseCameraObject.cpp">
      <Filter>Source Files\Logic\SceneObjects\Cameras</Filter>
    </ClCompile>
    <ClCompile Include="Logic\SceneObjects\Cameras\PerspectiveCamera.cpp">
      <Filter>Source Files\Logic\SceneObjects\Cameras</Filter>
    </ClCompile>
    <ClCompile Include="Logic\SceneObjects\RenderableObjects.cpp">
      <Filter>Source Files\Logic\SceneObjects</Filter>
    </ClCompile>
    <ClCompile Include="Rendering\Buffers\ImageBuffer.cpp">
      <Filter>Source Files\Rendering\Buffers</Filter>
    </ClCompile>
    <ClCompile Include="Rendering\Descriptors\DescriptorSets\ImageDescriptorSet.cpp">
      <Filter>Source Files\Rendering\Descriptors\DescriptorSets</Filter>
    </ClCompile>
    <ClCompile Include="Rendering\Descriptors\DescriptorPools\ImageDescriptorPool.cpp">
      <Filter>Source Files\Rendering\Descriptors\DescriptorPools</Filter>
    </ClCompile>
    <ClCompile Include="Rendering\Pipelines\Base3DPipeline.cpp">
      <Filter>Source Files\Rendering\Pipelines</Filter>
    </ClCompile>
    <ClCompile Include="Rendering\Pipelines\BasePipeline.cpp">
      <Filter>Source Files\Rendering\Pipelines</Filter>
    </ClCompile>
    <ClCompile Include="Rendering\CommandBuffers\Graphical3DCommandBuffer.cpp">
      <Filter>Source Files\Rendering\CommandBuffers</Filter>
    </ClCompile>
    <ClCompile Include="Rendering\CommandBuffers\BaseCommandBuffer.cpp">
      <Filter>Source Files\Rendering\CommandBuffers</Filter>
    </ClCompile>
    <ClCompile Include="Rendering\Data\Vertex.cpp">
      <Filter>Source Files\Rendering\Data</Filter>
    </ClCompile>
    <ClCompile Include="Rendering\Data\Model.cpp">
      <Filter>Source Files\Rendering\Data</Filter>
    </ClCompile>
    <ClCompile Include="Rendering\Memory\Allocators\VMAAllocator.cpp">
      <Filter>Source Files\Rendering\Memory\Allocators</Filter>
    </ClCompile>
    <ClCompile Include="Rendering\Memory\Allocators\BaseAllocator.cpp">
      <Filter>Source Files\Rendering\Memory\Allocators</Filter>
    </ClCompile>
    <ClCompile Include="Rendering\Memory\BufferAllocations\VertexBufferAllocations\BaseVertexBufferAllocation.cpp">
      <Filter>Source Files\Rendering\Memory\BufferAllocations\VertexBufferAllocations</Filter>
    </ClCompile>
    <ClCompile Include="Rendering\Memory\BufferAllocations\VertexBufferAllocations\VMAVertexBufferAllocation.cpp">
      <Filter>Source Files\Rendering\Memory\BufferAllocations\VertexBufferAllocations</Filter>
    </ClCompile>
    <ClCompile Include="Rendering\Memory\AllocationFactories\BaseAllocationFactory.cpp">
      <Filter>Source Files\Rendering\Memory\AllocationFactories</Filter>
    </ClCompile>
    <ClCompile Include="Rendering\Memory\AllocationFactories\VMAAllocationFactory.cpp">
      <Filter>Source Files\Rendering\Memory\AllocationFactories</Filter>
    </ClCompile>
    <ClCompile Include="Rendering\Resources\GPUResources\GPUModel.cpp">
      <Filter>Source Files\Rendering\Resources\GPUResources</Filter>
    </ClCompile>
    <ClCompile Include="Rendering\Memory\BufferAllocations\IndexBufferAllocations\BaseIndexBufferAllocation.cpp">
      <Filter>Source Files\Rendering\Memory\BufferAllocations\IndexBufferAllocations</Filter>
    </ClCompile>
    <ClCompile Include="Rendering\Memory\BufferAllocations\IndexBufferAllocations\VMAIndexBufferAllocation.cpp">
      <Filter>Source Files\Rendering\Memory\BufferAllocations\IndexBufferAllocations</Filter>
    </ClCompile>
    <ClCompile Include="Rendering\Memory\BufferAllocations\BaseBufferAllocation.cpp">
      <Filter>Source Files\Rendering\Memory\BufferAllocations</Filter>
    </ClCompile>
  </ItemGroup>
  <ItemGroup>
    <ClInclude Include="Rendering\Device.h">
      <Filter>Source Files\Rendering</Filter>
    </ClInclude>
    <ClInclude Include="Rendering\Renderer.h">
      <Filter>Source Files\Rendering</Filter>
    </ClInclude>
    <ClInclude Include="Windows\GLFWWindow.h">
      <Filter>Source Files\Windows</Filter>
    </ClInclude>
    <ClInclude Include="Windows\BaseWindow.h">
      <Filter>Source Files\Windows</Filter>
    </ClInclude>
    <ClInclude Include="JackedEngine.h">
      <Filter>Source Files</Filter>
    </ClInclude>
    <ClInclude Include="Utils\FileIOr.h">
      <Filter>Source Files\Utils</Filter>
    </ClInclude>
    <ClInclude Include="Rendering\Buffers\BaseBuffer.h">
      <Filter>Source Files\Rendering\Buffers</Filter>
    </ClInclude>
    <ClInclude Include="Rendering\Buffers\VertexBuffer.h">
      <Filter>Source Files\Rendering\Buffers</Filter>
    </ClInclude>
    <ClInclude Include="Rendering\Buffers\UniformBuffer.h">
      <Filter>Source Files\Rendering\Buffers</Filter>
    </ClInclude>
    <ClInclude Include="Rendering\Descriptors\DescriptorSets\BaseDescriptorSet.h">
      <Filter>Source Files\Rendering\Descriptors\DescriptorSets</Filter>
    </ClInclude>
    <ClInclude Include="Rendering\Descriptors\DescriptorSets\UBODescriptorSet.h">
      <Filter>Source Files\Rendering\Descriptors\DescriptorSets</Filter>
    </ClInclude>
    <ClInclude Include="Rendering\Descriptors\DescriptorPools\UBODescriptorPool.h">
      <Filter>Source Files\Rendering\Descriptors\DescriptorPools</Filter>
    </ClInclude>
    <ClInclude Include="Rendering\Descriptors\DescriptorPools\BaseDescriptorPool.h">
      <Filter>Source Files\Rendering\Descriptors\DescriptorPools</Filter>
    </ClInclude>
    <ClInclude Include="Logic\SceneObjects\BaseSceneObject.h">
      <Filter>Source Files\Logic\SceneObjects</Filter>
    </ClInclude>
    <ClInclude Include="Logic\SceneObjects\Cameras\BaseCameraObject.h">
      <Filter>Source Files\Logic\SceneObjects\Cameras</Filter>
    </ClInclude>
    <ClInclude Include="Logic\SceneObjects\Cameras\PerspectiveCamera.h">
      <Filter>Source Files\Logic\SceneObjects\Cameras</Filter>
    </ClInclude>
    <ClInclude Include="Logic\SceneObjects\RenderableObject.h">
      <Filter>Source Files\Logic\SceneObjects</Filter>
    </ClInclude>
    <ClInclude Include="Rendering\Buffers\ImageBuffer.h">
      <Filter>Source Files\Rendering\Buffers</Filter>
    </ClInclude>
    <ClInclude Include="Rendering\Descriptors\DescriptorSets\ImageDescriptorSet.h">
      <Filter>Source Files\Rendering\Descriptors\DescriptorSets</Filter>
    </ClInclude>
    <ClInclude Include="Rendering\Descriptors\DescriptorPools\ImageDescriptorPool.h">
      <Filter>Source Files\Rendering\Descriptors\DescriptorPools</Filter>
    </ClInclude>
    <ClInclude Include="Rendering\Pipelines\Base3DPipeline.h">
      <Filter>Source Files\Rendering\Pipelines</Filter>
    </ClInclude>
    <ClInclude Include="Rendering\Pipelines\BasePipeline.h">
      <Filter>Source Files\Rendering\Pipelines</Filter>
    </ClInclude>
    <ClInclude Include="Rendering\CommandBuffers\Graphical3DCommandBuffer.h">
      <Filter>Source Files\Rendering\CommandBuffers</Filter>
    </ClInclude>
    <ClInclude Include="Rendering\CommandBuffers\BaseCommandBuffer.h">
      <Filter>Source Files\Rendering\CommandBuffers</Filter>
    </ClInclude>
    <ClInclude Include="Rendering\Data\Vertex.h">
      <Filter>Source Files\Rendering\Data</Filter>
    </ClInclude>
    <ClInclude Include="Rendering\Data\Model.h">
      <Filter>Source Files\Rendering\Data</Filter>
    </ClInclude>
    <ClInclude Include="Rendering\Memory\Allocators\BaseAllocator.h">
      <Filter>Source Files\Rendering\Memory\Allocators</Filter>
    </ClInclude>
    <ClInclude Include="Rendering\Memory\Allocators\VMAAllocator.h">
      <Filter>Source Files\Rendering\Memory\Allocators</Filter>
    </ClInclude>
    <ClInclude Include="Rendering\Memory\BufferAllocations\VertexBufferAllocations\BaseVertexBufferAllocation.h">
      <Filter>Source Files\Rendering\Memory\BufferAllocations\VertexBufferAllocations</Filter>
    </ClInclude>
    <ClInclude Include="Rendering\Memory\BufferAllocations\VertexBufferAllocations\VMAVertexBufferAllocation.h">
      <Filter>Source Files\Rendering\Memory\BufferAllocations\VertexBufferAllocations</Filter>
    </ClInclude>
    <ClInclude Include="Rendering\Memory\AllocationFactories\BaseAllocationFactory.h">
      <Filter>Source Files\Rendering\Memory\AllocationFactories</Filter>
    </ClInclude>
    <ClInclude Include="Rendering\Memory\AllocationFactories\VMAAllocationFactory.h">
      <Filter>Source Files\Rendering\Memory\AllocationFactories</Filter>
    </ClInclude>
    <ClInclude Include="Rendering\Resources\GPUResources\GPUModel.h">
      <Filter>Source Files\Rendering\Resources\GPUResources</Filter>
    </ClInclude>
    <ClInclude Include="Rendering\Memory\BufferAllocations\IndexBufferAllocations\BaseIndexBufferAllocation.h">
      <Filter>Source Files\Rendering\Memory\BufferAllocations\IndexBufferAllocations</Filter>
    </ClInclude>
    <ClInclude Include="Rendering\Memory\BufferAllocations\IndexBufferAllocations\VMAIndexBufferAllocation.h">
      <Filter>Source Files\Rendering\Memory\BufferAllocations\IndexBufferAllocations</Filter>
    </ClInclude>
    <ClInclude Include="Rendering\Memory\BufferAllocations\BaseBufferAllocation.h">
      <Filter>Source Files\Rendering\Memory\BufferAllocations</Filter>
    </ClInclude>
  </ItemGroup>
  <ItemGroup>
    <None Include="Rendering\Shaders\default.frag">
      <Filter>Source Files\Rendering\Shaders</Filter>
    </None>
    <None Include="Rendering\Shaders\default.vert">
      <Filter>Source Files\Rendering\Shaders</Filter>
    </None>
  </ItemGroup>
</Project>