<?xml version="1.0" encoding="utf-8"?>
<Project ToolsVersion="4.0" xmlns="http://schemas.microsoft.com/developer/msbuild/2003">
  <ItemGroup>
    <ClCompile Include="Windows\BaseWindow.cpp">
      <Filter>Windows</Filter>
    </ClCompile>
    <ClCompile Include="Windows\GLFWWindow.cpp">
      <Filter>Windows</Filter>
    </ClCompile>
    <ClCompile Include="Utils\FileIO.cpp">
      <Filter>Utils</Filter>
    </ClCompile>
    <ClCompile Include="Scene\Components\RenderableComponent.cpp">
      <Filter>Scene\Components</Filter>
    </ClCompile>
    <ClCompile Include="Scene\Components\BaseComponent.cpp">
      <Filter>Scene\Components</Filter>
    </ClCompile>
    <ClCompile Include="Scene\Components\SceneComponent.cpp">
      <Filter>Scene\Components</Filter>
    </ClCompile>
    <ClCompile Include="Scene\Components\StaticMeshComponent.cpp">
      <Filter>Scene\Components</Filter>
    </ClCompile>
    <ClCompile Include="Scene\Components\Cameras\BaseCameraComponent.cpp">
      <Filter>Scene\Components\Cameras</Filter>
    </ClCompile>
    <ClCompile Include="Scene\Components\Cameras\PerspectiveCamera.cpp">
      <Filter>Scene\Components\Cameras</Filter>
    </ClCompile>
    <ClCompile Include="Backends\CPUResources\CPUModels\CPUBaseModel.cpp">
      <Filter>Backends\CPUResources\CPUModels</Filter>
    </ClCompile>
    <ClCompile Include="Backends\CPUResources\CPUModels\CPUCubeModel.cpp">
      <Filter>Backends\CPUResources\CPUModels</Filter>
    </ClCompile>
    <ClCompile Include="Backends\CPUResources\CPUVertices\CPUPositionVertex.cpp">
      <Filter>Backends\CPUResources\CPUVertices</Filter>
    </ClCompile>
    <ClCompile Include="Backends\CPUResources\CPUVertices\CPUTextureVertex.cpp">
      <Filter>Backends\CPUResources\CPUVertices</Filter>
    </ClCompile>
    <ClCompile Include="Backends\CPUResources\CPUModels\CPUGenericMesh.cpp">
      <Filter>Backends\CPUResources\CPUModels</Filter>
    </ClCompile>
    <ClCompile Include="Backends\Vulkan\Device.cpp">
      <Filter>Backends\Vulkan</Filter>
    </ClCompile>
    <ClCompile Include="Backends\Vulkan\Samplers\BaseSampler.cpp">
      <Filter>Backends\Vulkan\Samplers</Filter>
    </ClCompile>
    <ClCompile Include="Backends\Vulkan\Samplers\LinearRepeatSampler.cpp">
      <Filter>Backends\Vulkan\Samplers</Filter>
    </ClCompile>
    <ClCompile Include="Backends\Vulkan\GPUResources\GPUModel.cpp">
      <Filter>Backends\Vulkan\GPUResources</Filter>
    </ClCompile>
    <ClCompile Include="Backends\Vulkan\CommandBuffers\BaseCommandBuffer.cpp">
      <Filter>Backends\Vulkan\CommandBuffers</Filter>
    </ClCompile>
    <ClCompile Include="Backends\Vulkan\CommandBuffers\GraphicalCommandBuffer.cpp">
      <Filter>Backends\Vulkan\CommandBuffers</Filter>
    </ClCompile>
    <ClCompile Include="Backends\Vulkan\Memory\AllocationFactories\BaseAllocationFactory.cpp">
      <Filter>Backends\Vulkan\Memory\AllocationFactories</Filter>
    </ClCompile>
    <ClCompile Include="Backends\Vulkan\Memory\Allocators\BaseAllocator.cpp">
      <Filter>Backends\Vulkan\Memory\Allocators</Filter>
    </ClCompile>
    <ClCompile Include="Backends\Vulkan\Memory\Allocations\UniformAllocations\BaseUniformAllocation.cpp">
      <Filter>Backends\Vulkan\Memory\Allocations\UniformAllocations</Filter>
    </ClCompile>
    <ClCompile Include="Backends\Vulkan\Descriptors\DescriptorLayouts\BaseDescriptorLayout.cpp">
      <Filter>Backends\Vulkan\Descriptors\DescriptorLayouts</Filter>
    </ClCompile>
    <ClCompile Include="Backends\Vulkan\Descriptors\DescriptorPools\BaseDescriptorPool.cpp">
      <Filter>Backends\Vulkan\Descriptors\DescriptorPools</Filter>
    </ClCompile>
    <ClCompile Include="Backends\Vulkan\Descriptors\DescriptorSets\BaseDescriptorSet.cpp">
      <Filter>Backends\Vulkan\Descriptors\DescriptorSets</Filter>
    </ClCompile>
    <ClCompile Include="Backends\Vulkan\Descriptors\DescriptorSets\ImageDescriptorSet.cpp">
      <Filter>Backends\Vulkan\Descriptors\DescriptorSets</Filter>
    </ClCompile>
    <ClCompile Include="Backends\Vulkan\Memory\AllocationFactories\VMAAllocationFactory.cpp">
      <Filter>Backends\Vulkan\Memory\AllocationFactories</Filter>
    </ClCompile>
    <ClCompile Include="Backends\Vulkan\Memory\Allocators\VMAAllocator.cpp">
      <Filter>Backends\Vulkan\Memory\Allocators</Filter>
    </ClCompile>
    <ClCompile Include="Backends\Vulkan\Memory\Allocations\UniformAllocations\VMAUniformAllocation.cpp">
      <Filter>Backends\Vulkan\Memory\Allocations\UniformAllocations</Filter>
    </ClCompile>
    <ClCompile Include="Backends\BaseBackend.cpp">
      <Filter>Backends</Filter>
    </ClCompile>
    <ClCompile Include="Backends\Vulkan\VulkanBackend.cpp">
      <Filter>Backends\Vulkan</Filter>
    </ClCompile>
    <ClCompile Include="Scene\Components\SkyboxComponent.cpp">
      <Filter>Scene\Components</Filter>
    </ClCompile>
    <ClCompile Include="Scene\Materials\BaseMaterial.cpp">
      <Filter>Scene\Materials</Filter>
    </ClCompile>
    <ClCompile Include="Scene\Materials\CubemapMaterial.cpp">
      <Filter>Scene\Materials</Filter>
    </ClCompile>
    <ClCompile Include="Scene\Materials\GenericMeshMaterial.cpp">
      <Filter>Scene\Materials</Filter>
    </ClCompile>
    <ClCompile Include="JackedEngine.cpp" />
    <ClCompile Include="Main.cpp" />
    <ClCompile Include="Scene\World.cpp">
      <Filter>Scene</Filter>
    </ClCompile>
    <ClCompile Include="Backends\BackendTypes.cpp">
      <Filter>Backends</Filter>
    </ClCompile>
    <ClCompile Include="Backends\Vulkan\Descriptors\DescriptorLayouts\UniformDescriptorLayout.cpp">
      <Filter>Backends\Vulkan\Descriptors\DescriptorLayouts</Filter>
    </ClCompile>
    <ClCompile Include="Backends\Vulkan\Descriptors\DescriptorPools\UniformDescriptorPool.cpp">
      <Filter>Backends\Vulkan\Descriptors\DescriptorPools</Filter>
    </ClCompile>
    <ClCompile Include="Backends\Vulkan\Descriptors\DescriptorSets\UniformDescriptorSet.cpp">
      <Filter>Backends\Vulkan\Descriptors\DescriptorSets</Filter>
    </ClCompile>
    <ClCompile Include="Backends\Vulkan\Pipelines\Pipeline.cpp">
      <Filter>Backends\Vulkan\Pipelines</Filter>
    </ClCompile>
    <ClCompile Include="Rendering\Renderer.cpp">
      <Filter>Rendering</Filter>
    </ClCompile>
    <ClCompile Include="Scene\Actors\BaseActor.cpp">
      <Filter>Scene\Actors</Filter>
    </ClCompile>
    <ClCompile Include="Scene\Actors\VikingRoomActor.cpp">
      <Filter>Scene\Actors</Filter>
    </ClCompile>
    <ClCompile Include="Scene\Actors\DebugCameraActor.cpp">
      <Filter>Scene\Actors</Filter>
    </ClCompile>
    <ClCompile Include="Scene\Actors\SkyboxActor.cpp">
      <Filter>Scene\Actors</Filter>
    </ClCompile>
    <ClCompile Include="Scene\Components\InputComponent.cpp">
      <Filter>Scene\Components</Filter>
    </ClCompile>
    <ClCompile Include="Utils\Rotator.cpp">
      <Filter>Utils</Filter>
    </ClCompile>
    <ClCompile Include="Utils\Translator.cpp">
      <Filter>Utils</Filter>
    </ClCompile>
    <ClCompile Include="Input\InputConstants.cpp">
      <Filter>Input</Filter>
    </ClCompile>
    <ClCompile Include="Input\InputManager.cpp">
      <Filter>Input</Filter>
    </ClCompile>
    <ClCompile Include="Backends\Vulkan\Memory\Allocations\StorageBufferAllocations\BaseStorageBufferAllocation.cpp">
      <Filter>Backends\Vulkan\Memory\Allocations\StorageBufferAllocations</Filter>
    </ClCompile>
    <ClCompile Include="Backends\Vulkan\Memory\Allocations\StorageBufferAllocations\VMAStorageBufferAllocation.cpp">
      <Filter>Backends\Vulkan\Memory\Allocations\StorageBufferAllocations</Filter>
    </ClCompile>
    <ClCompile Include="Backends\Vulkan\Memory\Allocations\IndexBufferAllocations\BaseIndexBufferAllocation.cpp">
      <Filter>Backends\Vulkan\Memory\Allocations\IndexBufferAllocations</Filter>
    </ClCompile>
    <ClCompile Include="Backends\Vulkan\Memory\Allocations\IndexBufferAllocations\VMAIndexBufferAllocation.cpp">
      <Filter>Backends\Vulkan\Memory\Allocations\IndexBufferAllocations</Filter>
    </ClCompile>
    <ClCompile Include="Backends\Vulkan\Memory\Allocations\VertexBufferAllocations\BaseVertexBufferAllocation.cpp">
      <Filter>Backends\Vulkan\Memory\Allocations\VertexBufferAllocations</Filter>
    </ClCompile>
    <ClCompile Include="Backends\Vulkan\Memory\Allocations\VertexBufferAllocations\VMAVertexBufferAllocation.cpp">
      <Filter>Backends\Vulkan\Memory\Allocations\VertexBufferAllocations</Filter>
    </ClCompile>
    <ClCompile Include="Backends\Vulkan\Memory\Allocations\CubemapAllocations\BaseCubemapAllocation.cpp">
      <Filter>Backends\Vulkan\Memory\Allocations\CubemapAllocations</Filter>
    </ClCompile>
    <ClCompile Include="Backends\Vulkan\Memory\Allocations\CubemapAllocations\VMACubemapAllocation.cpp">
      <Filter>Backends\Vulkan\Memory\Allocations\CubemapAllocations</Filter>
    </ClCompile>
    <ClCompile Include="Backends\CPUResources\CPUImages\CPUBaseImage.cpp">
      <Filter>Backends\CPUResources\CPUImages</Filter>
    </ClCompile>
    <ClCompile Include="Backends\CPUResources\CPUImages\CPUImage2D.cpp">
      <Filter>Backends\CPUResources\CPUImages</Filter>
    </ClCompile>
    <ClCompile Include="Backends\CPUResources\CPUImages\CPUCubemap.cpp">
      <Filter>Backends\CPUResources\CPUImages</Filter>
    </ClCompile>
    <ClCompile Include="Backends\Vulkan\Memory\Allocations\Image2DAllocations\BaseImage2DAllocation.cpp">
      <Filter>Backends\Vulkan\Memory\Allocations\Image2DAllocations</Filter>
    </ClCompile>
    <ClCompile Include="Backends\Vulkan\Memory\Allocations\Image2DAllocations\VMAImage2DAllocation.cpp">
      <Filter>Backends\Vulkan\Memory\Allocations\Image2DAllocations</Filter>
    </ClCompile>
    <ClCompile Include="Backends\Vulkan\Descriptors\DescriptorLayouts\ImageDescriptorLayout.cpp">
      <Filter>Backends\Vulkan\Descriptors\DescriptorLayouts</Filter>
    </ClCompile>
    <ClCompile Include="Backends\Vulkan\Descriptors\DescriptorPools\ImageDescriptorPool.cpp">
      <Filter>Backends\Vulkan\Descriptors\DescriptorPools</Filter>
    </ClCompile>
    <ClCompile Include="Backends\Vulkan\GPUResources\GPUImages\GPUCubemap.cpp">
      <Filter>Backends\Vulkan\GPUResources\GPUImages</Filter>
    </ClCompile>
    <ClCompile Include="Backends\Vulkan\GPUResources\GPUImages\GPUImage2D.cpp">
      <Filter>Backends\Vulkan\GPUResources\GPUImages</Filter>
    </ClCompile>
    <ClCompile Include="Backends\Vulkan\GPUResources\GPUImages\GPUBaseImage.cpp">
      <Filter>Backends\Vulkan\GPUResources\GPUImages</Filter>
    </ClCompile>
    <ClCompile Include="Backends\Vulkan\Descriptors\DescriptorLayouts\StorageBufferDescriptorLayout.cpp">
      <Filter>Backends\Vulkan\Descriptors\DescriptorLayouts</Filter>
    </ClCompile>
    <ClCompile Include="Backends\Vulkan\Descriptors\DescriptorPools\StorageBufferDescriptorPool.cpp">
      <Filter>Backends\Vulkan\Descriptors\DescriptorPools</Filter>
    </ClCompile>
    <ClCompile Include="Backends\Vulkan\Descriptors\DescriptorSets\StorageBufferDescriptorSet.cpp">
      <Filter>Backends\Vulkan\Descriptors\DescriptorSets</Filter>
    </ClCompile>
    <ClCompile Include="Scene\Components\Lights\BaseLightComponent.cpp">
      <Filter>Scene\Components\Lights</Filter>
    </ClCompile>
    <ClCompile Include="Scene\Components\Lights\PointLightComponent.cpp">
      <Filter>Scene\Components\Lights</Filter>
    </ClCompile>
    <ClCompile Include="Backends\CPUResources\CPUVertices\CPUNormalVertex.cpp">
      <Filter>Backends\CPUResources\CPUVertices</Filter>
    </ClCompile>
    <ClCompile Include="Scene\Actors\RotatingPosLightActor.cpp">
      <Filter>Scene\Actors</Filter>
    </ClCompile>
    <ClCompile Include="Backends\CPUResources\CPUModels\CPUQuadModel.cpp">
      <Filter>Backends\CPUResources\CPUModels</Filter>
    </ClCompile>
    <ClCompile Include="Scene\Actors\PlaneActor.cpp">
      <Filter>Scene\Actors</Filter>
    </ClCompile>
    <ClCompile Include="Scene\Components\QuadMeshComponent.cpp">
      <Filter>Scene\Components</Filter>
    </ClCompile>
    <ClCompile Include="Utils\Scaler.cpp">
      <Filter>Utils</Filter>
    </ClCompile>
  </ItemGroup>
  <ItemGroup>
    <ClInclude Include="Windows\BaseWindow.h">
      <Filter>Windows</Filter>
    </ClInclude>
    <ClInclude Include="Windows\GLFWWindow.h">
      <Filter>Windows</Filter>
    </ClInclude>
    <ClInclude Include="Utils\FileIOr.h">
      <Filter>Utils</Filter>
    </ClInclude>
    <ClInclude Include="Scene\Components\RenderableComponent.h">
      <Filter>Scene\Components</Filter>
    </ClInclude>
    <ClInclude Include="Scene\Components\BaseComponent.h">
      <Filter>Scene\Components</Filter>
    </ClInclude>
    <ClInclude Include="Scene\Components\SceneComponent.h">
      <Filter>Scene\Components</Filter>
    </ClInclude>
    <ClInclude Include="Scene\Components\StaticMeshComponent.h">
      <Filter>Scene\Components</Filter>
    </ClInclude>
    <ClInclude Include="Scene\Components\Cameras\BaseCameraComponent.h">
      <Filter>Scene\Components\Cameras</Filter>
    </ClInclude>
    <ClInclude Include="Scene\Components\Cameras\PerspectiveCamera.h">
      <Filter>Scene\Components\Cameras</Filter>
    </ClInclude>
    <ClInclude Include="Backends\CPUResources\CPUModels\CPUBaseModel.h">
      <Filter>Backends\CPUResources\CPUModels</Filter>
    </ClInclude>
    <ClInclude Include="Backends\CPUResources\CPUModels\CPUCubeModel.h">
      <Filter>Backends\CPUResources\CPUModels</Filter>
    </ClInclude>
    <ClInclude Include="Backends\CPUResources\CPUModels\CPUGenericMesh.h">
      <Filter>Backends\CPUResources\CPUModels</Filter>
    </ClInclude>
    <ClInclude Include="Backends\CPUResources\CPUVertices\CPUPositionVertex.h">
      <Filter>Backends\CPUResources\CPUVertices</Filter>
    </ClInclude>
    <ClInclude Include="Backends\CPUResources\CPUVertices\CPUTextureVertex.h">
      <Filter>Backends\CPUResources\CPUVertices</Filter>
    </ClInclude>
    <ClInclude Include="Backends\Vulkan\Device.h">
      <Filter>Backends\Vulkan</Filter>
    </ClInclude>
    <ClInclude Include="Backends\Vulkan\Samplers\BaseSampler.h">
      <Filter>Backends\Vulkan\Samplers</Filter>
    </ClInclude>
    <ClInclude Include="Backends\Vulkan\Samplers\LinearRepeatSampler.h">
      <Filter>Backends\Vulkan\Samplers</Filter>
    </ClInclude>
    <ClInclude Include="Backends\Vulkan\GPUResources\GPUModel.h">
      <Filter>Backends\Vulkan\GPUResources</Filter>
    </ClInclude>
    <ClInclude Include="Backends\Vulkan\CommandBuffers\BaseCommandBuffer.h">
      <Filter>Backends\Vulkan\CommandBuffers</Filter>
    </ClInclude>
    <ClInclude Include="Backends\Vulkan\CommandBuffers\GraphicalCommandBuffer.h">
      <Filter>Backends\Vulkan\CommandBuffers</Filter>
    </ClInclude>
    <ClInclude Include="Backends\Vulkan\Memory\AllocationFactories\BaseAllocationFactory.h">
      <Filter>Backends\Vulkan\Memory\AllocationFactories</Filter>
    </ClInclude>
    <ClInclude Include="Backends\Vulkan\Memory\Allocators\BaseAllocator.h">
      <Filter>Backends\Vulkan\Memory\Allocators</Filter>
    </ClInclude>
    <ClInclude Include="Backends\Vulkan\Memory\Allocations\UniformAllocations\BaseUniformAllocation.h">
      <Filter>Backends\Vulkan\Memory\Allocations\UniformAllocations</Filter>
    </ClInclude>
    <ClInclude Include="Backends\Vulkan\Descriptors\DescriptorLayouts\BaseDescriptorLayout.h">
      <Filter>Backends\Vulkan\Descriptors\DescriptorLayouts</Filter>
    </ClInclude>
    <ClInclude Include="Backends\Vulkan\Descriptors\DescriptorPools\BaseDescriptorPool.h">
      <Filter>Backends\Vulkan\Descriptors\DescriptorPools</Filter>
    </ClInclude>
    <ClInclude Include="Backends\Vulkan\Descriptors\DescriptorSets\BaseDescriptorSet.h">
      <Filter>Backends\Vulkan\Descriptors\DescriptorSets</Filter>
    </ClInclude>
    <ClInclude Include="Backends\Vulkan\Descriptors\DescriptorSets\ImageDescriptorSet.h">
      <Filter>Backends\Vulkan\Descriptors\DescriptorSets</Filter>
    </ClInclude>
    <ClInclude Include="Backends\Vulkan\Memory\AllocationFactories\VMAAllocationFactory.h">
      <Filter>Backends\Vulkan\Memory\AllocationFactories</Filter>
    </ClInclude>
    <ClInclude Include="Backends\Vulkan\Memory\Allocators\VMAAllocator.h">
      <Filter>Backends\Vulkan\Memory\Allocators</Filter>
    </ClInclude>
    <ClInclude Include="Backends\Vulkan\Memory\Allocations\UniformAllocations\VMAUniformAllocation.h">
      <Filter>Backends\Vulkan\Memory\Allocations\UniformAllocations</Filter>
    </ClInclude>
    <ClInclude Include="Backends\BaseBackend.h">
      <Filter>Backends</Filter>
    </ClInclude>
    <ClInclude Include="Backends\Vulkan\VulkanBackend.h">
      <Filter>Backends\Vulkan</Filter>
    </ClInclude>
    <ClInclude Include="Scene\Components\SkyboxComponent.h">
      <Filter>Scene\Components</Filter>
    </ClInclude>
    <ClInclude Include="Scene\Materials\BaseMaterial.h">
      <Filter>Scene\Materials</Filter>
    </ClInclude>
    <ClInclude Include="Scene\Materials\CubemapMaterial.h">
      <Filter>Scene\Materials</Filter>
    </ClInclude>
    <ClInclude Include="Scene\Materials\GenericMeshMaterial.h">
      <Filter>Scene\Materials</Filter>
    </ClInclude>
    <ClInclude Include="JackedEngine.h" />
    <ClInclude Include="Scene\World.h">
      <Filter>Scene</Filter>
    </ClInclude>
    <ClInclude Include="Backends\Vulkan\Descriptors\DescriptorLayouts\UniformDescriptorLayout.h">
      <Filter>Backends\Vulkan\Descriptors\DescriptorLayouts</Filter>
    </ClInclude>
    <ClInclude Include="Backends\Vulkan\Descriptors\DescriptorPools\UniformDescriptorPool.h">
      <Filter>Backends\Vulkan\Descriptors\DescriptorPools</Filter>
    </ClInclude>
    <ClInclude Include="Backends\Vulkan\Descriptors\DescriptorSets\UniformDescriptorSet.h">
      <Filter>Backends\Vulkan\Descriptors\DescriptorSets</Filter>
    </ClInclude>
    <ClInclude Include="Backends\BackendTypes.h">
      <Filter>Backends</Filter>
    </ClInclude>
    <ClInclude Include="Backends\Vulkan\Pipelines\Pipeline.h">
      <Filter>Backends\Vulkan\Pipelines</Filter>
    </ClInclude>
    <ClInclude Include="Rendering\Renderer.h">
      <Filter>Rendering</Filter>
    </ClInclude>
    <ClInclude Include="Scene\Actors\BaseActor.h">
      <Filter>Scene\Actors</Filter>
    </ClInclude>
    <ClInclude Include="Scene\Actors\VikingRoomActor.h">
      <Filter>Scene\Actors</Filter>
    </ClInclude>
    <ClInclude Include="Scene\Actors\DebugCameraActor.h">
      <Filter>Scene\Actors</Filter>
    </ClInclude>
    <ClInclude Include="Scene\Actors\SkyboxActor.h">
      <Filter>Scene\Actors</Filter>
    </ClInclude>
    <ClInclude Include="Scene\Components\InputComponent.h">
      <Filter>Scene\Components</Filter>
    </ClInclude>
    <ClInclude Include="Utils\Rotator.h">
      <Filter>Utils</Filter>
    </ClInclude>
    <ClInclude Include="Utils\Translator.h">
      <Filter>Utils</Filter>
    </ClInclude>
    <ClInclude Include="Input\InputConstants.h">
      <Filter>Input</Filter>
    </ClInclude>
    <ClInclude Include="Input\InputManager.h">
      <Filter>Input</Filter>
    </ClInclude>
    <ClInclude Include="Backends\Vulkan\Memory\Allocations\StorageBufferAllocations\BaseStorageBufferAllocation.h">
      <Filter>Backends\Vulkan\Memory\Allocations\StorageBufferAllocations</Filter>
    </ClInclude>
    <ClInclude Include="Backends\Vulkan\Memory\Allocations\StorageBufferAllocations\VMAStorageBufferAllocation.h">
      <Filter>Backends\Vulkan\Memory\Allocations\StorageBufferAllocations</Filter>
    </ClInclude>
    <ClInclude Include="Backends\Vulkan\Memory\Allocations\IndexBufferAllocations\BaseIndexBufferAllocation.h">
      <Filter>Backends\Vulkan\Memory\Allocations\IndexBufferAllocations</Filter>
    </ClInclude>
    <ClInclude Include="Backends\Vulkan\Memory\Allocations\IndexBufferAllocations\VMAIndexBufferAllocation.h">
      <Filter>Backends\Vulkan\Memory\Allocations\IndexBufferAllocations</Filter>
    </ClInclude>
    <ClInclude Include="Backends\Vulkan\Memory\Allocations\VertexBufferAllocations\BaseVertexBufferAllocation.h">
      <Filter>Backends\Vulkan\Memory\Allocations\VertexBufferAllocations</Filter>
    </ClInclude>
    <ClInclude Include="Backends\Vulkan\Memory\Allocations\VertexBufferAllocations\VMAVertexBufferAllocation.h">
      <Filter>Backends\Vulkan\Memory\Allocations\VertexBufferAllocations</Filter>
    </ClInclude>
    <ClInclude Include="Backends\Vulkan\Memory\Allocations\CubemapAllocations\BaseCubemapAllocation.h">
      <Filter>Backends\Vulkan\Memory\Allocations\CubemapAllocations</Filter>
    </ClInclude>
    <ClInclude Include="Backends\Vulkan\Memory\Allocations\CubemapAllocations\VMACubemapAllocation.h">
      <Filter>Backends\Vulkan\Memory\Allocations\CubemapAllocations</Filter>
    </ClInclude>
    <ClInclude Include="Backends\CPUResources\CPUImages\CPUBaseImage.h">
      <Filter>Backends\CPUResources\CPUImages</Filter>
    </ClInclude>
    <ClInclude Include="Backends\CPUResources\CPUImages\CPUImage2D.h">
      <Filter>Backends\CPUResources\CPUImages</Filter>
    </ClInclude>
    <ClInclude Include="Backends\CPUResources\CPUImages\CPUCubemap.h">
      <Filter>Backends\CPUResources\CPUImages</Filter>
    </ClInclude>
    <ClInclude Include="Backends\Vulkan\Memory\Allocations\Image2DAllocations\BaseImage2DAllocation.h">
      <Filter>Backends\Vulkan\Memory\Allocations\Image2DAllocations</Filter>
    </ClInclude>
    <ClInclude Include="Backends\Vulkan\Memory\Allocations\Image2DAllocations\VMAImage2DAllocation.h">
      <Filter>Backends\Vulkan\Memory\Allocations\Image2DAllocations</Filter>
    </ClInclude>
    <ClInclude Include="Backends\Vulkan\Descriptors\DescriptorLayouts\ImageDescriptorLayout.h">
      <Filter>Backends\Vulkan\Descriptors\DescriptorLayouts</Filter>
    </ClInclude>
    <ClInclude Include="Backends\Vulkan\Descriptors\DescriptorPools\ImageDescriptorPool.h">
      <Filter>Backends\Vulkan\Descriptors\DescriptorPools</Filter>
    </ClInclude>
    <ClInclude Include="Backends\Vulkan\GPUResources\GPUImages\GPUCubemap.h">
      <Filter>Backends\Vulkan\GPUResources\GPUImages</Filter>
    </ClInclude>
    <ClInclude Include="Backends\Vulkan\GPUResources\GPUImages\GPUImage2D.h">
      <Filter>Backends\Vulkan\GPUResources\GPUImages</Filter>
    </ClInclude>
    <ClInclude Include="Backends\Vulkan\GPUResources\GPUImages\GPUBaseImage.h">
      <Filter>Backends\Vulkan\GPUResources\GPUImages</Filter>
    </ClInclude>
    <ClInclude Include="Backends\Vulkan\Descriptors\DescriptorLayouts\StorageBufferDescriptorLayout.h">
      <Filter>Backends\Vulkan\Descriptors\DescriptorLayouts</Filter>
    </ClInclude>
    <ClInclude Include="Backends\Vulkan\Descriptors\DescriptorPools\StorageBufferDescriptorPool.h">
      <Filter>Backends\Vulkan\Descriptors\DescriptorPools</Filter>
    </ClInclude>
    <ClInclude Include="Backends\Vulkan\Descriptors\DescriptorSets\StorageBufferDescriptorSet.h">
      <Filter>Backends\Vulkan\Descriptors\DescriptorSets</Filter>
    </ClInclude>
    <ClInclude Include="Scene\Components\Lights\BaseLightComponent.h">
      <Filter>Scene\Components\Lights</Filter>
    </ClInclude>
    <ClInclude Include="Scene\Components\Lights\PointLightComponent.h">
      <Filter>Scene\Components\Lights</Filter>
    </ClInclude>
    <ClInclude Include="Backends\CPUResources\CPUVertices\CPUNormalVertex.h">
      <Filter>Backends\CPUResources\CPUVertices</Filter>
    </ClInclude>
    <ClInclude Include="Scene\Actors\RotatingPosLightActor.h">
      <Filter>Scene\Actors</Filter>
    </ClInclude>
    <ClInclude Include="Backends\CPUResources\CPUModels\CPUQuadModel.h">
      <Filter>Backends\CPUResources\CPUModels</Filter>
    </ClInclude>
    <ClInclude Include="Scene\Actors\PlaneActor.h">
      <Filter>Scene\Actors</Filter>
    </ClInclude>
    <ClInclude Include="Scene\Components\QuadMeshComponent.h">
      <Filter>Scene\Components</Filter>
    </ClInclude>
    <ClInclude Include="Utils\Scaler.h">
      <Filter>Utils</Filter>
    </ClInclude>
  </ItemGroup>
  <ItemGroup>
    <Filter Include="Backends">
      <UniqueIdentifier>{37a3ae10-1768-4dd5-a616-b162524a89ff}</UniqueIdentifier>
    </Filter>
    <Filter Include="Scene">
      <UniqueIdentifier>{7ef87e01-e31f-4384-a482-230c1f7a0ef4}</UniqueIdentifier>
    </Filter>
    <Filter Include="Utils">
      <UniqueIdentifier>{c4b9a861-7a9f-4891-bc4a-bbd35597f5b9}</UniqueIdentifier>
    </Filter>
    <Filter Include="Windows">
      <UniqueIdentifier>{baf81fc6-ebea-42ea-b138-85738c2877cd}</UniqueIdentifier>
    </Filter>
    <Filter Include="Backends\Vulkan">
      <UniqueIdentifier>{97a69dd3-904a-4d5a-95e7-873211b62218}</UniqueIdentifier>
    </Filter>
    <Filter Include="Scene\Components">
      <UniqueIdentifier>{3a457c8d-e3f2-485c-99cf-76336a2a6474}</UniqueIdentifier>
    </Filter>
    <Filter Include="Scene\Components\Cameras">
      <UniqueIdentifier>{24afbeac-8168-4fab-9790-7303b9bd9119}</UniqueIdentifier>
    </Filter>
    <Filter Include="Backends\CPUResources">
      <UniqueIdentifier>{f2436188-0ec5-429f-82c1-0c602a4d0777}</UniqueIdentifier>
    </Filter>
    <Filter Include="Backends\CPUResources\CPUModels">
      <UniqueIdentifier>{08590a2b-bf8c-4932-983e-ac13084a9a1c}</UniqueIdentifier>
    </Filter>
    <Filter Include="Backends\CPUResources\CPUVertices">
      <UniqueIdentifier>{60ca21f0-ec54-451f-8629-221553ed318a}</UniqueIdentifier>
    </Filter>
    <Filter Include="Backends\Vulkan\Samplers">
      <UniqueIdentifier>{616066a9-6257-4234-8c17-d2a40a54d311}</UniqueIdentifier>
    </Filter>
    <Filter Include="Backends\Vulkan\Pipelines">
      <UniqueIdentifier>{b136be1d-c34d-4590-99b5-cb7890e7875d}</UniqueIdentifier>
    </Filter>
    <Filter Include="Backends\Vulkan\Memory">
      <UniqueIdentifier>{e9b060ce-0553-4f4e-9669-9e1cf8cdb5b8}</UniqueIdentifier>
    </Filter>
    <Filter Include="Backends\Vulkan\GPUResources">
      <UniqueIdentifier>{e92b4f14-e58d-4409-b5d3-f2f18474ad8c}</UniqueIdentifier>
    </Filter>
    <Filter Include="Backends\Vulkan\CommandBuffers">
      <UniqueIdentifier>{d04e32bf-25ba-4f8d-9e27-9dc8632f3647}</UniqueIdentifier>
    </Filter>
    <Filter Include="Backends\Vulkan\Memory\AllocationFactories">
      <UniqueIdentifier>{918414a9-b364-4b5f-86ab-27b5cab59554}</UniqueIdentifier>
    </Filter>
    <Filter Include="Backends\Vulkan\Memory\Allocators">
      <UniqueIdentifier>{f526ac84-9998-4b75-b2fd-218ad06859bd}</UniqueIdentifier>
    </Filter>
    <Filter Include="Backends\Vulkan\Memory\Allocations">
      <UniqueIdentifier>{c2e57072-cb49-465a-9cf6-82b571967d13}</UniqueIdentifier>
    </Filter>
    <Filter Include="Backends\Vulkan\Memory\Allocations\UniformAllocations">
      <UniqueIdentifier>{c9ac6712-fa73-4c27-b025-c61ec9587a00}</UniqueIdentifier>
    </Filter>
    <Filter Include="Backends\Vulkan\Descriptors">
      <UniqueIdentifier>{72fe5d1b-8c2e-42f6-a55c-9ebdcc7b6ac0}</UniqueIdentifier>
    </Filter>
    <Filter Include="Backends\Vulkan\Descriptors\DescriptorLayouts">
      <UniqueIdentifier>{16284f65-4da7-496b-8c74-eaf58208bd89}</UniqueIdentifier>
    </Filter>
    <Filter Include="Backends\Vulkan\Descriptors\DescriptorPools">
      <UniqueIdentifier>{197a0f54-2355-4543-8004-abe0436f5d9b}</UniqueIdentifier>
    </Filter>
    <Filter Include="Backends\Vulkan\Descriptors\DescriptorSets">
      <UniqueIdentifier>{0240c649-cc43-4afd-811f-d3b9b15beb01}</UniqueIdentifier>
    </Filter>
    <Filter Include="Backends\Shaders">
      <UniqueIdentifier>{868c424e-eaa1-459b-914f-65f63f424877}</UniqueIdentifier>
    </Filter>
    <Filter Include="Scene\Materials">
      <UniqueIdentifier>{5c75b464-8779-457e-9214-32562d41f287}</UniqueIdentifier>
    </Filter>
    <Filter Include="Rendering">
      <UniqueIdentifier>{3025728b-b6b9-47ce-810f-a7eca64ef120}</UniqueIdentifier>
    </Filter>
    <Filter Include="Scene\Actors">
      <UniqueIdentifier>{6e3ad04d-b376-4dd5-ae14-0d9000db3527}</UniqueIdentifier>
    </Filter>
    <Filter Include="Input">
      <UniqueIdentifier>{47bce5cf-2a22-4413-b2f6-13ddabad61d1}</UniqueIdentifier>
    </Filter>
    <Filter Include="Backends\Vulkan\Memory\Allocations\StorageBufferAllocations">
      <UniqueIdentifier>{4280f098-1d4f-4b99-acd2-e3ccbbfe852e}</UniqueIdentifier>
    </Filter>
    <Filter Include="Backends\Vulkan\Memory\Allocations\IndexBufferAllocations">
      <UniqueIdentifier>{33e9abbb-3b7d-4559-8443-c3f01cf85f95}</UniqueIdentifier>
    </Filter>
    <Filter Include="Backends\Vulkan\Memory\Allocations\VertexBufferAllocations">
      <UniqueIdentifier>{400a512e-b5fd-48b5-83c6-64264dc7635f}</UniqueIdentifier>
    </Filter>
    <Filter Include="Backends\Vulkan\Memory\Allocations\CubemapAllocations">
      <UniqueIdentifier>{4a1fbce8-8e27-4075-b7b4-4a6bf766c526}</UniqueIdentifier>
    </Filter>
    <Filter Include="Backends\CPUResources\CPUImages">
      <UniqueIdentifier>{1af33a93-3900-42c6-bd2c-1af21e1ef536}</UniqueIdentifier>
    </Filter>
    <Filter Include="Backends\Vulkan\Memory\Allocations\Image2DAllocations">
      <UniqueIdentifier>{59283116-9110-42df-a6b4-f106be226999}</UniqueIdentifier>
    </Filter>
    <Filter Include="Backends\Vulkan\GPUResources\GPUImages">
      <UniqueIdentifier>{1b2f4cc7-03f6-41cd-a65d-328f023d2834}</UniqueIdentifier>
    </Filter>
    <Filter Include="Scene\Components\Lights">
      <UniqueIdentifier>{4bb094d2-0b94-49a8-98f9-37a776ae7e3f}</UniqueIdentifier>
    </Filter>
  </ItemGroup>
  <ItemGroup>
    <None Include="Backends\Shaders\object.frag">
      <Filter>Backends\Shaders</Filter>
    </None>
    <None Include="Backends\Shaders\object.vert">
      <Filter>Backends\Shaders</Filter>
    </None>
    <None Include="Backends\Shaders\skybox.frag">
      <Filter>Backends\Shaders</Filter>
    </None>
    <None Include="Backends\Shaders\skybox.vert">
      <Filter>Backends\Shaders</Filter>
    </None>
  </ItemGroup>
</Project>